dependencies:
  espressif/eigen:
    component_hash: 64a82d75ea6b7cb9240398ce0b6616e905d71b83a734b2cf9cb58ad09dd4f5ea
    source:
      service_url: https://api.components.espressif.com/
      type: service
    version: 3.4.0~2
  espressif__mpu6050:
    component_hash: null
    source:
      path: /home/ds3a/dev/esp_drone_flight_controller/components/espressif__mpu6050
      type: local
    version: 1.2.0
  idf:
    component_hash: null
    source:
      type: idf
    version: 5.3.0
manifest_hash: 4cb816b07c67a5ee37dced0a7c632c7b8c086fb6fd6875599465f73feffb39b6
target: esp32
version: 1.0.0
